// !$*UTF8*$!
{
	archiveVersion = 1;
	classes = {
	};
	objectVersion = 46;
	objects = {

/* Begin PBXBuildFile section */
		086DE1D61F63A52F001B6B96 /* ImageHelper.swift in Sources */ = {isa = PBXBuildFile; fileRef = 086DE1D51F63A52F001B6B96 /* ImageHelper.swift */; };
		086DE1D81F63A61D001B6B96 /* DraggableAnnotationView.swift in Sources */ = {isa = PBXBuildFile; fileRef = 086DE1D71F63A61D001B6B96 /* DraggableAnnotationView.swift */; };
		086DE1DA1F63A808001B6B96 /* CustomAnnotationView.swift in Sources */ = {isa = PBXBuildFile; fileRef = 086DE1D91F63A808001B6B96 /* CustomAnnotationView.swift */; };
		086DE1E21F63AC47001B6B96 /* returnLine.swift in Sources */ = {isa = PBXBuildFile; fileRef = 086DE1E11F63AC47001B6B96 /* returnLine.swift */; };
		086DE1E41F63B055001B6B96 /* Rooms.swift in Sources */ = {isa = PBXBuildFile; fileRef = 086DE1E31F63B055001B6B96 /* Rooms.swift */; };
		08A053771F5FA16700167B9D /* CustomView.xib in Resources */ = {isa = PBXBuildFile; fileRef = 08A053761F5FA16700167B9D /* CustomView.xib */; };
		08A053791F5FA63C00167B9D /* CustomView.swift in Sources */ = {isa = PBXBuildFile; fileRef = 08A053781F5FA63C00167B9D /* CustomView.swift */; };
		08C0E2AD1F55EF8B007630DC /* AppDelegate.swift in Sources */ = {isa = PBXBuildFile; fileRef = 08C0E2AC1F55EF8B007630DC /* AppDelegate.swift */; };
		08C0E2AF1F55EF8B007630DC /* ViewController.swift in Sources */ = {isa = PBXBuildFile; fileRef = 08C0E2AE1F55EF8B007630DC /* ViewController.swift */; };
		08C0E2B21F55EF8B007630DC /* Main.storyboard in Resources */ = {isa = PBXBuildFile; fileRef = 08C0E2B01F55EF8B007630DC /* Main.storyboard */; };
		08C0E2B41F55EF8B007630DC /* Assets.xcassets in Resources */ = {isa = PBXBuildFile; fileRef = 08C0E2B31F55EF8B007630DC /* Assets.xcassets */; };
		08C0E2B71F55EF8B007630DC /* LaunchScreen.storyboard in Resources */ = {isa = PBXBuildFile; fileRef = 08C0E2B51F55EF8B007630DC /* LaunchScreen.storyboard */; };
		08C0E2C21F55EF8B007630DC /* GoToTests.swift in Sources */ = {isa = PBXBuildFile; fileRef = 08C0E2C11F55EF8B007630DC /* GoToTests.swift */; };
		08C0E2CD1F55EF8B007630DC /* GoToUITests.swift in Sources */ = {isa = PBXBuildFile; fileRef = 08C0E2CC1F55EF8B007630DC /* GoToUITests.swift */; };
		08C0E2DB1F55F9B3007630DC /* ApiKeys.swift in Sources */ = {isa = PBXBuildFile; fileRef = 08C0E2DA1F55F9B3007630DC /* ApiKeys.swift */; };
		08C0E3171F566B27007630DC /* AppleMapsViewController.swift in Sources */ = {isa = PBXBuildFile; fileRef = 08C0E3161F566B27007630DC /* AppleMapsViewController.swift */; };
		08F8C7DA1F5B6D2B00ADE4F3 /* LocationSearchTable.swift in Sources */ = {isa = PBXBuildFile; fileRef = 08F8C7D91F5B6D2B00ADE4F3 /* LocationSearchTable.swift */; };
		08F944A51F5B977600197EAD /* Node.swift in Sources */ = {isa = PBXBuildFile; fileRef = 08F944A41F5B977600197EAD /* Node.swift */; };
		205685F6CDD2BCEF3F307948 /* Pods_GoTo.framework in Frameworks */ = {isa = PBXBuildFile; fileRef = F3D69525F1FA5FAB3A80109F /* Pods_GoTo.framework */; };
		4C7F7F13DABFE1179B973B56 /* Pods_GoToTests.framework in Frameworks */ = {isa = PBXBuildFile; fileRef = 41FB0850EBA7D729643A84A6 /* Pods_GoToTests.framework */; };
		849B42A7941B03293A5C4E79 /* Pods_GoToUITests.framework in Frameworks */ = {isa = PBXBuildFile; fileRef = 90B4D1EA6E9AB22664EE3E4A /* Pods_GoToUITests.framework */; };
/* End PBXBuildFile section */

/* Begin PBXContainerItemProxy section */
		08C0E2BE1F55EF8B007630DC /* PBXContainerItemProxy */ = {
			isa = PBXContainerItemProxy;
			containerPortal = 08C0E2A11F55EF8B007630DC /* Project object */;
			proxyType = 1;
			remoteGlobalIDString = 08C0E2A81F55EF8B007630DC;
			remoteInfo = GoTo;
		};
		08C0E2C91F55EF8B007630DC /* PBXContainerItemProxy */ = {
			isa = PBXContainerItemProxy;
			containerPortal = 08C0E2A11F55EF8B007630DC /* Project object */;
			proxyType = 1;
			remoteGlobalIDString = 08C0E2A81F55EF8B007630DC;
			remoteInfo = GoTo;
		};
/* End PBXContainerItemProxy section */

/* Begin PBXFileReference section */
		086DE1D51F63A52F001B6B96 /* ImageHelper.swift */ = {isa = PBXFileReference; fileEncoding = 4; lastKnownFileType = sourcecode.swift; path = ImageHelper.swift; sourceTree = "<group>"; };
		086DE1D71F63A61D001B6B96 /* DraggableAnnotationView.swift */ = {isa = PBXFileReference; fileEncoding = 4; lastKnownFileType = sourcecode.swift; path = DraggableAnnotationView.swift; sourceTree = "<group>"; };
		086DE1D91F63A808001B6B96 /* CustomAnnotationView.swift */ = {isa = PBXFileReference; fileEncoding = 4; lastKnownFileType = sourcecode.swift; path = CustomAnnotationView.swift; sourceTree = "<group>"; };
		086DE1E11F63AC47001B6B96 /* returnLine.swift */ = {isa = PBXFileReference; fileEncoding = 4; lastKnownFileType = sourcecode.swift; path = returnLine.swift; sourceTree = "<group>"; };
		086DE1E31F63B055001B6B96 /* Rooms.swift */ = {isa = PBXFileReference; fileEncoding = 4; lastKnownFileType = sourcecode.swift; path = Rooms.swift; sourceTree = "<group>"; };
		08935D5C1F59F8F900656BAB /* Mapbox.framework */ = {isa = PBXFileReference; lastKnownFileType = wrapper.framework; path = Mapbox.framework; sourceTree = "<group>"; };
		08A053761F5FA16700167B9D /* CustomView.xib */ = {isa = PBXFileReference; fileEncoding = 4; lastKnownFileType = file.xib; path = CustomView.xib; sourceTree = "<group>"; };
		08A053781F5FA63C00167B9D /* CustomView.swift */ = {isa = PBXFileReference; fileEncoding = 4; lastKnownFileType = sourcecode.swift; path = CustomView.swift; sourceTree = "<group>"; };
		08C0E2A91F55EF8B007630DC /* GoTo.app */ = {isa = PBXFileReference; explicitFileType = wrapper.application; includeInIndex = 0; path = GoTo.app; sourceTree = BUILT_PRODUCTS_DIR; };
		08C0E2AC1F55EF8B007630DC /* AppDelegate.swift */ = {isa = PBXFileReference; lastKnownFileType = sourcecode.swift; path = AppDelegate.swift; sourceTree = "<group>"; };
		08C0E2AE1F55EF8B007630DC /* ViewController.swift */ = {isa = PBXFileReference; lastKnownFileType = sourcecode.swift; path = ViewController.swift; sourceTree = "<group>"; };
		08C0E2B11F55EF8B007630DC /* Base */ = {isa = PBXFileReference; lastKnownFileType = file.storyboard; name = Base; path = Base.lproj/Main.storyboard; sourceTree = "<group>"; };
		08C0E2B31F55EF8B007630DC /* Assets.xcassets */ = {isa = PBXFileReference; lastKnownFileType = folder.assetcatalog; path = Assets.xcassets; sourceTree = "<group>"; };
		08C0E2B61F55EF8B007630DC /* Base */ = {isa = PBXFileReference; lastKnownFileType = file.storyboard; name = Base; path = Base.lproj/LaunchScreen.storyboard; sourceTree = "<group>"; };
		08C0E2B81F55EF8B007630DC /* Info.plist */ = {isa = PBXFileReference; lastKnownFileType = text.plist.xml; path = Info.plist; sourceTree = "<group>"; };
		08C0E2BD1F55EF8B007630DC /* GoToTests.xctest */ = {isa = PBXFileReference; explicitFileType = wrapper.cfbundle; includeInIndex = 0; path = GoToTests.xctest; sourceTree = BUILT_PRODUCTS_DIR; };
		08C0E2C11F55EF8B007630DC /* GoToTests.swift */ = {isa = PBXFileReference; lastKnownFileType = sourcecode.swift; path = GoToTests.swift; sourceTree = "<group>"; };
		08C0E2C31F55EF8B007630DC /* Info.plist */ = {isa = PBXFileReference; lastKnownFileType = text.plist.xml; path = Info.plist; sourceTree = "<group>"; };
		08C0E2C81F55EF8B007630DC /* GoToUITests.xctest */ = {isa = PBXFileReference; explicitFileType = wrapper.cfbundle; includeInIndex = 0; path = GoToUITests.xctest; sourceTree = BUILT_PRODUCTS_DIR; };
		08C0E2CC1F55EF8B007630DC /* GoToUITests.swift */ = {isa = PBXFileReference; lastKnownFileType = sourcecode.swift; path = GoToUITests.swift; sourceTree = "<group>"; };
		08C0E2CE1F55EF8B007630DC /* Info.plist */ = {isa = PBXFileReference; lastKnownFileType = text.plist.xml; path = Info.plist; sourceTree = "<group>"; };
		08C0E2DA1F55F9B3007630DC /* ApiKeys.swift */ = {isa = PBXFileReference; fileEncoding = 4; lastKnownFileType = sourcecode.swift; path = ApiKeys.swift; sourceTree = "<group>"; };
		08C0E3161F566B27007630DC /* AppleMapsViewController.swift */ = {isa = PBXFileReference; fileEncoding = 4; lastKnownFileType = sourcecode.swift; path = AppleMapsViewController.swift; sourceTree = "<group>"; };
		08F8C7D91F5B6D2B00ADE4F3 /* LocationSearchTable.swift */ = {isa = PBXFileReference; fileEncoding = 4; lastKnownFileType = sourcecode.swift; path = LocationSearchTable.swift; sourceTree = "<group>"; };
		08F944A41F5B977600197EAD /* Node.swift */ = {isa = PBXFileReference; fileEncoding = 4; lastKnownFileType = sourcecode.swift; path = Node.swift; sourceTree = "<group>"; };
		41FB0850EBA7D729643A84A6 /* Pods_GoToTests.framework */ = {isa = PBXFileReference; explicitFileType = wrapper.framework; includeInIndex = 0; path = Pods_GoToTests.framework; sourceTree = BUILT_PRODUCTS_DIR; };
		42248848733A03EF68CD883E /* Pods-GoToTests.release.xcconfig */ = {isa = PBXFileReference; includeInIndex = 1; lastKnownFileType = text.xcconfig; name = "Pods-GoToTests.release.xcconfig"; path = "Pods/Target Support Files/Pods-GoToTests/Pods-GoToTests.release.xcconfig"; sourceTree = "<group>"; };
		74FCC48DF205DD5B1F9F0DF5 /* Pods-GoTo.debug.xcconfig */ = {isa = PBXFileReference; includeInIndex = 1; lastKnownFileType = text.xcconfig; name = "Pods-GoTo.debug.xcconfig"; path = "Pods/Target Support Files/Pods-GoTo/Pods-GoTo.debug.xcconfig"; sourceTree = "<group>"; };
		90B4D1EA6E9AB22664EE3E4A /* Pods_GoToUITests.framework */ = {isa = PBXFileReference; explicitFileType = wrapper.framework; includeInIndex = 0; path = Pods_GoToUITests.framework; sourceTree = BUILT_PRODUCTS_DIR; };
		AF23DD6834D623A97BC5F656 /* Pods-GoToTests.debug.xcconfig */ = {isa = PBXFileReference; includeInIndex = 1; lastKnownFileType = text.xcconfig; name = "Pods-GoToTests.debug.xcconfig"; path = "Pods/Target Support Files/Pods-GoToTests/Pods-GoToTests.debug.xcconfig"; sourceTree = "<group>"; };
		CB3BC06591ADAC0180DF714C /* Pods-GoToUITests.debug.xcconfig */ = {isa = PBXFileReference; includeInIndex = 1; lastKnownFileType = text.xcconfig; name = "Pods-GoToUITests.debug.xcconfig"; path = "Pods/Target Support Files/Pods-GoToUITests/Pods-GoToUITests.debug.xcconfig"; sourceTree = "<group>"; };
		D1695D0F266096D70D23CE23 /* Pods-GoTo.release.xcconfig */ = {isa = PBXFileReference; includeInIndex = 1; lastKnownFileType = text.xcconfig; name = "Pods-GoTo.release.xcconfig"; path = "Pods/Target Support Files/Pods-GoTo/Pods-GoTo.release.xcconfig"; sourceTree = "<group>"; };
		F3D69525F1FA5FAB3A80109F /* Pods_GoTo.framework */ = {isa = PBXFileReference; explicitFileType = wrapper.framework; includeInIndex = 0; path = Pods_GoTo.framework; sourceTree = BUILT_PRODUCTS_DIR; };
		FF7C32D2CFFB83318846C4FE /* Pods-GoToUITests.release.xcconfig */ = {isa = PBXFileReference; includeInIndex = 1; lastKnownFileType = text.xcconfig; name = "Pods-GoToUITests.release.xcconfig"; path = "Pods/Target Support Files/Pods-GoToUITests/Pods-GoToUITests.release.xcconfig"; sourceTree = "<group>"; };
/* End PBXFileReference section */

/* Begin PBXFrameworksBuildPhase section */
		08C0E2A61F55EF8B007630DC /* Frameworks */ = {
			isa = PBXFrameworksBuildPhase;
			buildActionMask = 2147483647;
			files = (
				205685F6CDD2BCEF3F307948 /* Pods_GoTo.framework in Frameworks */,
			);
			runOnlyForDeploymentPostprocessing = 0;
		};
		08C0E2BA1F55EF8B007630DC /* Frameworks */ = {
			isa = PBXFrameworksBuildPhase;
			buildActionMask = 2147483647;
			files = (
				4C7F7F13DABFE1179B973B56 /* Pods_GoToTests.framework in Frameworks */,
			);
			runOnlyForDeploymentPostprocessing = 0;
		};
		08C0E2C51F55EF8B007630DC /* Frameworks */ = {
			isa = PBXFrameworksBuildPhase;
			buildActionMask = 2147483647;
			files = (
				849B42A7941B03293A5C4E79 /* Pods_GoToUITests.framework in Frameworks */,
			);
			runOnlyForDeploymentPostprocessing = 0;
		};
/* End PBXFrameworksBuildPhase section */

/* Begin PBXGroup section */
		086DE1DB1F63A9ED001B6B96 /* Helpers */ = {
			isa = PBXGroup;
			children = (
				086DE1D51F63A52F001B6B96 /* ImageHelper.swift */,
			);
			name = Helpers;
			sourceTree = "<group>";
		};
		086DE1DC1F63AA02001B6B96 /* Views */ = {
			isa = PBXGroup;
			children = (
				08A053761F5FA16700167B9D /* CustomView.xib */,
				08A053781F5FA63C00167B9D /* CustomView.swift */,
				086DE1D71F63A61D001B6B96 /* DraggableAnnotationView.swift */,
				086DE1D91F63A808001B6B96 /* CustomAnnotationView.swift */,
				086DE1E11F63AC47001B6B96 /* returnLine.swift */,
				086DE1E31F63B055001B6B96 /* Rooms.swift */,
			);
			name = Views;
			sourceTree = "<group>";
		};
		086DE1DD1F63AAB4001B6B96 /* ViewControllers */ = {
			isa = PBXGroup;
			children = (
				08F8C7D91F5B6D2B00ADE4F3 /* LocationSearchTable.swift */,
				08C0E3161F566B27007630DC /* AppleMapsViewController.swift */,
			);
			name = ViewControllers;
			sourceTree = "<group>";
		};
		086DE1DE1F63AAD0001B6B96 /* Models */ = {
			isa = PBXGroup;
			children = (
				08F944A41F5B977600197EAD /* Node.swift */,
			);
			name = Models;
			sourceTree = "<group>";
		};
		08C0E2A01F55EF8B007630DC = {
			isa = PBXGroup;
			children = (
				08935D5C1F59F8F900656BAB /* Mapbox.framework */,
				08C0E2AB1F55EF8B007630DC /* GoTo */,
				08C0E2C01F55EF8B007630DC /* GoToTests */,
				08C0E2CB1F55EF8B007630DC /* GoToUITests */,
				08C0E2AA1F55EF8B007630DC /* Products */,
				7B7F551CB29B0EE544732B22 /* Pods */,
				21BA8146DA7C8A0E0B3FF92E /* Frameworks */,
			);
			sourceTree = "<group>";
		};
		08C0E2AA1F55EF8B007630DC /* Products */ = {
			isa = PBXGroup;
			children = (
				08C0E2A91F55EF8B007630DC /* GoTo.app */,
				08C0E2BD1F55EF8B007630DC /* GoToTests.xctest */,
				08C0E2C81F55EF8B007630DC /* GoToUITests.xctest */,
			);
			name = Products;
			sourceTree = "<group>";
		};
		08C0E2AB1F55EF8B007630DC /* GoTo */ = {
			isa = PBXGroup;
			children = (
				086DE1DE1F63AAD0001B6B96 /* Models */,
				086DE1DD1F63AAB4001B6B96 /* ViewControllers */,
				086DE1DC1F63AA02001B6B96 /* Views */,
				086DE1DB1F63A9ED001B6B96 /* Helpers */,
				08C0E2AC1F55EF8B007630DC /* AppDelegate.swift */,
				08C0E2AE1F55EF8B007630DC /* ViewController.swift */,
				08C0E2B01F55EF8B007630DC /* Main.storyboard */,
				08C0E2B31F55EF8B007630DC /* Assets.xcassets */,
				08C0E2B51F55EF8B007630DC /* LaunchScreen.storyboard */,
				08C0E2B81F55EF8B007630DC /* Info.plist */,
				08C0E2DA1F55F9B3007630DC /* ApiKeys.swift */,
			);
			path = GoTo;
			sourceTree = "<group>";
		};
		08C0E2C01F55EF8B007630DC /* GoToTests */ = {
			isa = PBXGroup;
			children = (
				08C0E2C11F55EF8B007630DC /* GoToTests.swift */,
				08C0E2C31F55EF8B007630DC /* Info.plist */,
			);
			path = GoToTests;
			sourceTree = "<group>";
		};
		08C0E2CB1F55EF8B007630DC /* GoToUITests */ = {
			isa = PBXGroup;
			children = (
				08C0E2CC1F55EF8B007630DC /* GoToUITests.swift */,
				08C0E2CE1F55EF8B007630DC /* Info.plist */,
			);
			path = GoToUITests;
			sourceTree = "<group>";
		};
		21BA8146DA7C8A0E0B3FF92E /* Frameworks */ = {
			isa = PBXGroup;
			children = (
				F3D69525F1FA5FAB3A80109F /* Pods_GoTo.framework */,
				41FB0850EBA7D729643A84A6 /* Pods_GoToTests.framework */,
				90B4D1EA6E9AB22664EE3E4A /* Pods_GoToUITests.framework */,
			);
			name = Frameworks;
			sourceTree = "<group>";
		};
		7B7F551CB29B0EE544732B22 /* Pods */ = {
			isa = PBXGroup;
			children = (
				74FCC48DF205DD5B1F9F0DF5 /* Pods-GoTo.debug.xcconfig */,
				D1695D0F266096D70D23CE23 /* Pods-GoTo.release.xcconfig */,
				AF23DD6834D623A97BC5F656 /* Pods-GoToTests.debug.xcconfig */,
				42248848733A03EF68CD883E /* Pods-GoToTests.release.xcconfig */,
				CB3BC06591ADAC0180DF714C /* Pods-GoToUITests.debug.xcconfig */,
				FF7C32D2CFFB83318846C4FE /* Pods-GoToUITests.release.xcconfig */,
			);
			name = Pods;
			sourceTree = "<group>";
		};
/* End PBXGroup section */

/* Begin PBXNativeTarget section */
		08C0E2A81F55EF8B007630DC /* GoTo */ = {
			isa = PBXNativeTarget;
			buildConfigurationList = 08C0E2D11F55EF8B007630DC /* Build configuration list for PBXNativeTarget "GoTo" */;
			buildPhases = (
				6E092F5397F91D75B63EE3D9 /* [CP] Check Pods Manifest.lock */,
				08C0E2A51F55EF8B007630DC /* Sources */,
				08C0E2A61F55EF8B007630DC /* Frameworks */,
				08C0E2A71F55EF8B007630DC /* Resources */,
				258CE9B169382ECE83AB42BE /* [CP] Embed Pods Frameworks */,
				7F32D1C20B693E13412045A3 /* [CP] Copy Pods Resources */,
			);
			buildRules = (
			);
			dependencies = (
			);
			name = GoTo;
			productName = GoTo;
			productReference = 08C0E2A91F55EF8B007630DC /* GoTo.app */;
			productType = "com.apple.product-type.application";
		};
		08C0E2BC1F55EF8B007630DC /* GoToTests */ = {
			isa = PBXNativeTarget;
			buildConfigurationList = 08C0E2D41F55EF8B007630DC /* Build configuration list for PBXNativeTarget "GoToTests" */;
			buildPhases = (
				73C458253B9DD44BC5D988CB /* [CP] Check Pods Manifest.lock */,
				08C0E2B91F55EF8B007630DC /* Sources */,
				08C0E2BA1F55EF8B007630DC /* Frameworks */,
				08C0E2BB1F55EF8B007630DC /* Resources */,
				663F072448D6BD3088F3F374 /* [CP] Embed Pods Frameworks */,
				643BDA6204B59C5BFB620AEC /* [CP] Copy Pods Resources */,
			);
			buildRules = (
			);
			dependencies = (
				08C0E2BF1F55EF8B007630DC /* PBXTargetDependency */,
			);
			name = GoToTests;
			productName = GoToTests;
			productReference = 08C0E2BD1F55EF8B007630DC /* GoToTests.xctest */;
			productType = "com.apple.product-type.bundle.unit-test";
		};
		08C0E2C71F55EF8B007630DC /* GoToUITests */ = {
			isa = PBXNativeTarget;
			buildConfigurationList = 08C0E2D71F55EF8B007630DC /* Build configuration list for PBXNativeTarget "GoToUITests" */;
			buildPhases = (
				BDF844FF6CFB9A551EF06EFF /* [CP] Check Pods Manifest.lock */,
				08C0E2C41F55EF8B007630DC /* Sources */,
				08C0E2C51F55EF8B007630DC /* Frameworks */,
				08C0E2C61F55EF8B007630DC /* Resources */,
				895EDFD7D835BE6974FD6DB0 /* [CP] Embed Pods Frameworks */,
				19B8BB79664F9FC6AFB86B1D /* [CP] Copy Pods Resources */,
			);
			buildRules = (
			);
			dependencies = (
				08C0E2CA1F55EF8B007630DC /* PBXTargetDependency */,
			);
			name = GoToUITests;
			productName = GoToUITests;
			productReference = 08C0E2C81F55EF8B007630DC /* GoToUITests.xctest */;
			productType = "com.apple.product-type.bundle.ui-testing";
		};
/* End PBXNativeTarget section */

/* Begin PBXProject section */
		08C0E2A11F55EF8B007630DC /* Project object */ = {
			isa = PBXProject;
			attributes = {
				LastSwiftUpdateCheck = 0830;
				LastUpgradeCheck = 0830;
				ORGANIZATIONNAME = "Michelle & Aadit";
				TargetAttributes = {
					08C0E2A81F55EF8B007630DC = {
						CreatedOnToolsVersion = 8.3.3;
						DevelopmentTeam = EEERTLB2G9;
						ProvisioningStyle = Automatic;
					};
					08C0E2BC1F55EF8B007630DC = {
						CreatedOnToolsVersion = 8.3.3;
						DevelopmentTeam = EEERTLB2G9;
						ProvisioningStyle = Automatic;
						TestTargetID = 08C0E2A81F55EF8B007630DC;
					};
					08C0E2C71F55EF8B007630DC = {
						CreatedOnToolsVersion = 8.3.3;
						DevelopmentTeam = EEERTLB2G9;
						ProvisioningStyle = Automatic;
						TestTargetID = 08C0E2A81F55EF8B007630DC;
					};
				};
			};
			buildConfigurationList = 08C0E2A41F55EF8B007630DC /* Build configuration list for PBXProject "GoTo" */;
			compatibilityVersion = "Xcode 3.2";
			developmentRegion = English;
			hasScannedForEncodings = 0;
			knownRegions = (
				en,
				Base,
			);
			mainGroup = 08C0E2A01F55EF8B007630DC;
			productRefGroup = 08C0E2AA1F55EF8B007630DC /* Products */;
			projectDirPath = "";
			projectRoot = "";
			targets = (
				08C0E2A81F55EF8B007630DC /* GoTo */,
				08C0E2BC1F55EF8B007630DC /* GoToTests */,
				08C0E2C71F55EF8B007630DC /* GoToUITests */,
			);
		};
/* End PBXProject section */

/* Begin PBXResourcesBuildPhase section */
		08C0E2A71F55EF8B007630DC /* Resources */ = {
			isa = PBXResourcesBuildPhase;
			buildActionMask = 2147483647;
			files = (
				08C0E2B71F55EF8B007630DC /* LaunchScreen.storyboard in Resources */,
				08A053771F5FA16700167B9D /* CustomView.xib in Resources */,
				08C0E2B41F55EF8B007630DC /* Assets.xcassets in Resources */,
				08C0E2B21F55EF8B007630DC /* Main.storyboard in Resources */,
			);
			runOnlyForDeploymentPostprocessing = 0;
		};
		08C0E2BB1F55EF8B007630DC /* Resources */ = {
			isa = PBXResourcesBuildPhase;
			buildActionMask = 2147483647;
			files = (
			);
			runOnlyForDeploymentPostprocessing = 0;
		};
		08C0E2C61F55EF8B007630DC /* Resources */ = {
			isa = PBXResourcesBuildPhase;
			buildActionMask = 2147483647;
			files = (
			);
			runOnlyForDeploymentPostprocessing = 0;
		};
/* End PBXResourcesBuildPhase section */

/* Begin PBXShellScriptBuildPhase section */
		19B8BB79664F9FC6AFB86B1D /* [CP] Copy Pods Resources */ = {
			isa = PBXShellScriptBuildPhase;
			buildActionMask = 2147483647;
			files = (
			);
			inputPaths = (
			);
			name = "[CP] Copy Pods Resources";
			outputPaths = (
			);
			runOnlyForDeploymentPostprocessing = 0;
			shellPath = /bin/sh;
			shellScript = "\"${SRCROOT}/Pods/Target Support Files/Pods-GoToUITests/Pods-GoToUITests-resources.sh\"\n";
			showEnvVarsInLog = 0;
		};
		258CE9B169382ECE83AB42BE /* [CP] Embed Pods Frameworks */ = {
			isa = PBXShellScriptBuildPhase;
			buildActionMask = 2147483647;
			files = (
			);
			inputPaths = (
				"${SRCROOT}/Pods/Target Support Files/Pods-GoTo/Pods-GoTo-frameworks.sh",
				"${BUILT_PRODUCTS_DIR}/Alamofire/Alamofire.framework",
				"${PODS_ROOT}/IndoorAtlas/indooratlas-ios-sdk/IndoorAtlas.framework",
				"${PODS_ROOT}/Mapbox-iOS-SDK/dynamic/Mapbox.framework",
				"${PODS_ROOT}/Mapbox-iOS-SDK/dynamic/Mapbox.framework.dSYM",
				"${BUILT_PRODUCTS_DIR}/SVProgressHUD/SVProgressHUD.framework",
			);
			name = "[CP] Embed Pods Frameworks";
			outputPaths = (
				"${TARGET_BUILD_DIR}/${FRAMEWORKS_FOLDER_PATH}/Alamofire.framework",
				"${TARGET_BUILD_DIR}/${FRAMEWORKS_FOLDER_PATH}/IndoorAtlas.framework",
				"${TARGET_BUILD_DIR}/${FRAMEWORKS_FOLDER_PATH}/Mapbox.framework",
				"${DWARF_DSYM_FOLDER_PATH}/Mapbox.framework.dSYM",
				"${TARGET_BUILD_DIR}/${FRAMEWORKS_FOLDER_PATH}/SVProgressHUD.framework",
			);
			runOnlyForDeploymentPostprocessing = 0;
			shellPath = /bin/sh;
			shellScript = "\"${SRCROOT}/Pods/Target Support Files/Pods-GoTo/Pods-GoTo-frameworks.sh\"\n";
			showEnvVarsInLog = 0;
		};
		643BDA6204B59C5BFB620AEC /* [CP] Copy Pods Resources */ = {
			isa = PBXShellScriptBuildPhase;
			buildActionMask = 2147483647;
			files = (
			);
			inputPaths = (
			);
			name = "[CP] Copy Pods Resources";
			outputPaths = (
			);
			runOnlyForDeploymentPostprocessing = 0;
			shellPath = /bin/sh;
			shellScript = "\"${SRCROOT}/Pods/Target Support Files/Pods-GoToTests/Pods-GoToTests-resources.sh\"\n";
			showEnvVarsInLog = 0;
		};
		663F072448D6BD3088F3F374 /* [CP] Embed Pods Frameworks */ = {
			isa = PBXShellScriptBuildPhase;
			buildActionMask = 2147483647;
			files = (
			);
			inputPaths = (
			);
			name = "[CP] Embed Pods Frameworks";
			outputPaths = (
			);
			runOnlyForDeploymentPostprocessing = 0;
			shellPath = /bin/sh;
			shellScript = "\"${SRCROOT}/Pods/Target Support Files/Pods-GoToTests/Pods-GoToTests-frameworks.sh\"\n";
			showEnvVarsInLog = 0;
		};
		6E092F5397F91D75B63EE3D9 /* [CP] Check Pods Manifest.lock */ = {
			isa = PBXShellScriptBuildPhase;
			buildActionMask = 2147483647;
			files = (
			);
			inputPaths = (
				"${PODS_PODFILE_DIR_PATH}/Podfile.lock",
				"${PODS_ROOT}/Manifest.lock",
			);
			name = "[CP] Check Pods Manifest.lock";
			outputPaths = (
				"$(DERIVED_FILE_DIR)/Pods-GoTo-checkManifestLockResult.txt",
			);
			runOnlyForDeploymentPostprocessing = 0;
			shellPath = /bin/sh;
			shellScript = "diff \"${PODS_PODFILE_DIR_PATH}/Podfile.lock\" \"${PODS_ROOT}/Manifest.lock\" > /dev/null\nif [ $? != 0 ] ; then\n    # print error to STDERR\n    echo \"error: The sandbox is not in sync with the Podfile.lock. Run 'pod install' or update your CocoaPods installation.\" >&2\n    exit 1\nfi\n# This output is used by Xcode 'outputs' to avoid re-running this script phase.\necho \"SUCCESS\" > \"${SCRIPT_OUTPUT_FILE_0}\"\n";
			showEnvVarsInLog = 0;
		};
		73C458253B9DD44BC5D988CB /* [CP] Check Pods Manifest.lock */ = {
			isa = PBXShellScriptBuildPhase;
			buildActionMask = 2147483647;
			files = (
			);
			inputPaths = (
				"${PODS_PODFILE_DIR_PATH}/Podfile.lock",
				"${PODS_ROOT}/Manifest.lock",
			);
			name = "[CP] Check Pods Manifest.lock";
			outputPaths = (
				"$(DERIVED_FILE_DIR)/Pods-GoToTests-checkManifestLockResult.txt",
			);
			runOnlyForDeploymentPostprocessing = 0;
			shellPath = /bin/sh;
			shellScript = "diff \"${PODS_PODFILE_DIR_PATH}/Podfile.lock\" \"${PODS_ROOT}/Manifest.lock\" > /dev/null\nif [ $? != 0 ] ; then\n    # print error to STDERR\n    echo \"error: The sandbox is not in sync with the Podfile.lock. Run 'pod install' or update your CocoaPods installation.\" >&2\n    exit 1\nfi\n# This output is used by Xcode 'outputs' to avoid re-running this script phase.\necho \"SUCCESS\" > \"${SCRIPT_OUTPUT_FILE_0}\"\n";
			showEnvVarsInLog = 0;
		};
		7F32D1C20B693E13412045A3 /* [CP] Copy Pods Resources */ = {
			isa = PBXShellScriptBuildPhase;
			buildActionMask = 2147483647;
			files = (
			);
			inputPaths = (
			);
			name = "[CP] Copy Pods Resources";
			outputPaths = (
			);
			runOnlyForDeploymentPostprocessing = 0;
			shellPath = /bin/sh;
			shellScript = "\"${SRCROOT}/Pods/Target Support Files/Pods-GoTo/Pods-GoTo-resources.sh\"\n";
			showEnvVarsInLog = 0;
		};
		895EDFD7D835BE6974FD6DB0 /* [CP] Embed Pods Frameworks */ = {
			isa = PBXShellScriptBuildPhase;
			buildActionMask = 2147483647;
			files = (
			);
			inputPaths = (
			);
			name = "[CP] Embed Pods Frameworks";
			outputPaths = (
			);
			runOnlyForDeploymentPostprocessing = 0;
			shellPath = /bin/sh;
			shellScript = "\"${SRCROOT}/Pods/Target Support Files/Pods-GoToUITests/Pods-GoToUITests-frameworks.sh\"\n";
			showEnvVarsInLog = 0;
		};
		BDF844FF6CFB9A551EF06EFF /* [CP] Check Pods Manifest.lock */ = {
			isa = PBXShellScriptBuildPhase;
			buildActionMask = 2147483647;
			files = (
			);
			inputPaths = (
				"${PODS_PODFILE_DIR_PATH}/Podfile.lock",
				"${PODS_ROOT}/Manifest.lock",
			);
			name = "[CP] Check Pods Manifest.lock";
			outputPaths = (
				"$(DERIVED_FILE_DIR)/Pods-GoToUITests-checkManifestLockResult.txt",
			);
			runOnlyForDeploymentPostprocessing = 0;
			shellPath = /bin/sh;
			shellScript = "diff \"${PODS_PODFILE_DIR_PATH}/Podfile.lock\" \"${PODS_ROOT}/Manifest.lock\" > /dev/null\nif [ $? != 0 ] ; then\n    # print error to STDERR\n    echo \"error: The sandbox is not in sync with the Podfile.lock. Run 'pod install' or update your CocoaPods installation.\" >&2\n    exit 1\nfi\n# This output is used by Xcode 'outputs' to avoid re-running this script phase.\necho \"SUCCESS\" > \"${SCRIPT_OUTPUT_FILE_0}\"\n";
			showEnvVarsInLog = 0;
		};
/* End PBXShellScriptBuildPhase section */

/* Begin PBXSourcesBuildPhase section */
		08C0E2A51F55EF8B007630DC /* Sources */ = {
			isa = PBXSourcesBuildPhase;
			buildActionMask = 2147483647;
			files = (
				08C0E2AF1F55EF8B007630DC /* ViewController.swift in Sources */,
				08C0E2AD1F55EF8B007630DC /* AppDelegate.swift in Sources */,
				086DE1E41F63B055001B6B96 /* Rooms.swift in Sources */,
				086DE1D61F63A52F001B6B96 /* ImageHelper.swift in Sources */,
				08C0E3171F566B27007630DC /* AppleMapsViewController.swift in Sources */,
				08A053791F5FA63C00167B9D /* CustomView.swift in Sources */,
				086DE1E21F63AC47001B6B96 /* returnLine.swift in Sources */,
				086DE1DA1F63A808001B6B96 /* CustomAnnotationView.swift in Sources */,
				08F8C7DA1F5B6D2B00ADE4F3 /* LocationSearchTable.swift in Sources */,
				08C0E2DB1F55F9B3007630DC /* ApiKeys.swift in Sources */,
				086DE1D81F63A61D001B6B96 /* DraggableAnnotationView.swift in Sources */,
				08F944A51F5B977600197EAD /* Node.swift in Sources */,
			);
			runOnlyForDeploymentPostprocessing = 0;
		};
		08C0E2B91F55EF8B007630DC /* Sources */ = {
			isa = PBXSourcesBuildPhase;
			buildActionMask = 2147483647;
			files = (
				08C0E2C21F55EF8B007630DC /* GoToTests.swift in Sources */,
			);
			runOnlyForDeploymentPostprocessing = 0;
		};
		08C0E2C41F55EF8B007630DC /* Sources */ = {
			isa = PBXSourcesBuildPhase;
			buildActionMask = 2147483647;
			files = (
				08C0E2CD1F55EF8B007630DC /* GoToUITests.swift in Sources */,
			);
			runOnlyForDeploymentPostprocessing = 0;
		};
/* End PBXSourcesBuildPhase section */

/* Begin PBXTargetDependency section */
		08C0E2BF1F55EF8B007630DC /* PBXTargetDependency */ = {
			isa = PBXTargetDependency;
			target = 08C0E2A81F55EF8B007630DC /* GoTo */;
			targetProxy = 08C0E2BE1F55EF8B007630DC /* PBXContainerItemProxy */;
		};
		08C0E2CA1F55EF8B007630DC /* PBXTargetDependency */ = {
			isa = PBXTargetDependency;
			target = 08C0E2A81F55EF8B007630DC /* GoTo */;
			targetProxy = 08C0E2C91F55EF8B007630DC /* PBXContainerItemProxy */;
		};
/* End PBXTargetDependency section */

/* Begin PBXVariantGroup section */
		08C0E2B01F55EF8B007630DC /* Main.storyboard */ = {
			isa = PBXVariantGroup;
			children = (
				08C0E2B11F55EF8B007630DC /* Base */,
			);
			name = Main.storyboard;
			sourceTree = "<group>";
		};
		08C0E2B51F55EF8B007630DC /* LaunchScreen.storyboard */ = {
			isa = PBXVariantGroup;
			children = (
				08C0E2B61F55EF8B007630DC /* Base */,
			);
			name = LaunchScreen.storyboard;
			sourceTree = "<group>";
		};
/* End PBXVariantGroup section */

/* Begin XCBuildConfiguration section */
		08C0E2CF1F55EF8B007630DC /* Debug */ = {
			isa = XCBuildConfiguration;
			buildSettings = {
				ALWAYS_SEARCH_USER_PATHS = NO;
				CLANG_ANALYZER_NONNULL = YES;
				CLANG_ANALYZER_NUMBER_OBJECT_CONVERSION = YES_AGGRESSIVE;
				CLANG_CXX_LANGUAGE_STANDARD = "gnu++0x";
				CLANG_CXX_LIBRARY = "libc++";
				CLANG_ENABLE_MODULES = YES;
				CLANG_ENABLE_OBJC_ARC = YES;
				CLANG_WARN_BOOL_CONVERSION = YES;
				CLANG_WARN_CONSTANT_CONVERSION = YES;
				CLANG_WARN_DIRECT_OBJC_ISA_USAGE = YES_ERROR;
				CLANG_WARN_DOCUMENTATION_COMMENTS = YES;
				CLANG_WARN_EMPTY_BODY = YES;
				CLANG_WARN_ENUM_CONVERSION = YES;
				CLANG_WARN_INFINITE_RECURSION = YES;
				CLANG_WARN_INT_CONVERSION = YES;
				CLANG_WARN_OBJC_ROOT_CLASS = YES_ERROR;
				CLANG_WARN_SUSPICIOUS_MOVE = YES;
				CLANG_WARN_UNREACHABLE_CODE = YES;
				CLANG_WARN__DUPLICATE_METHOD_MATCH = YES;
				"CODE_SIGN_IDENTITY[sdk=iphoneos*]" = "iPhone Developer";
				COPY_PHASE_STRIP = NO;
				DEBUG_INFORMATION_FORMAT = dwarf;
				DEVELOPMENT_TEAM = EEERTLB2G9;
				ENABLE_STRICT_OBJC_MSGSEND = YES;
				ENABLE_TESTABILITY = YES;
				GCC_C_LANGUAGE_STANDARD = gnu99;
				GCC_DYNAMIC_NO_PIC = NO;
				GCC_NO_COMMON_BLOCKS = YES;
				GCC_OPTIMIZATION_LEVEL = 0;
				GCC_PREPROCESSOR_DEFINITIONS = (
					"DEBUG=1",
					"$(inherited)",
				);
				GCC_WARN_64_TO_32_BIT_CONVERSION = YES;
				GCC_WARN_ABOUT_RETURN_TYPE = YES_ERROR;
				GCC_WARN_UNDECLARED_SELECTOR = YES;
				GCC_WARN_UNINITIALIZED_AUTOS = YES_AGGRESSIVE;
				GCC_WARN_UNUSED_FUNCTION = YES;
				GCC_WARN_UNUSED_VARIABLE = YES;
				IPHONEOS_DEPLOYMENT_TARGET = 10.3;
				MTL_ENABLE_DEBUG_INFO = YES;
				ONLY_ACTIVE_ARCH = YES;
				SDKROOT = iphoneos;
				SWIFT_ACTIVE_COMPILATION_CONDITIONS = DEBUG;
				SWIFT_OPTIMIZATION_LEVEL = "-Onone";
				TARGETED_DEVICE_FAMILY = "1,2";
			};
			name = Debug;
		};
		08C0E2D01F55EF8B007630DC /* Release */ = {
			isa = XCBuildConfiguration;
			buildSettings = {
				ALWAYS_SEARCH_USER_PATHS = NO;
				CLANG_ANALYZER_NONNULL = YES;
				CLANG_ANALYZER_NUMBER_OBJECT_CONVERSION = YES_AGGRESSIVE;
				CLANG_CXX_LANGUAGE_STANDARD = "gnu++0x";
				CLANG_CXX_LIBRARY = "libc++";
				CLANG_ENABLE_MODULES = YES;
				CLANG_ENABLE_OBJC_ARC = YES;
				CLANG_WARN_BOOL_CONVERSION = YES;
				CLANG_WARN_CONSTANT_CONVERSION = YES;
				CLANG_WARN_DIRECT_OBJC_ISA_USAGE = YES_ERROR;
				CLANG_WARN_DOCUMENTATION_COMMENTS = YES;
				CLANG_WARN_EMPTY_BODY = YES;
				CLANG_WARN_ENUM_CONVERSION = YES;
				CLANG_WARN_INFINITE_RECURSION = YES;
				CLANG_WARN_INT_CONVERSION = YES;
				CLANG_WARN_OBJC_ROOT_CLASS = YES_ERROR;
				CLANG_WARN_SUSPICIOUS_MOVE = YES;
				CLANG_WARN_UNREACHABLE_CODE = YES;
				CLANG_WARN__DUPLICATE_METHOD_MATCH = YES;
				"CODE_SIGN_IDENTITY[sdk=iphoneos*]" = "iPhone Developer";
				COPY_PHASE_STRIP = NO;
				DEBUG_INFORMATION_FORMAT = "dwarf-with-dsym";
				DEVELOPMENT_TEAM = EEERTLB2G9;
				ENABLE_NS_ASSERTIONS = NO;
				ENABLE_STRICT_OBJC_MSGSEND = YES;
				GCC_C_LANGUAGE_STANDARD = gnu99;
				GCC_NO_COMMON_BLOCKS = YES;
				GCC_WARN_64_TO_32_BIT_CONVERSION = YES;
				GCC_WARN_ABOUT_RETURN_TYPE = YES_ERROR;
				GCC_WARN_UNDECLARED_SELECTOR = YES;
				GCC_WARN_UNINITIALIZED_AUTOS = YES_AGGRESSIVE;
				GCC_WARN_UNUSED_FUNCTION = YES;
				GCC_WARN_UNUSED_VARIABLE = YES;
				IPHONEOS_DEPLOYMENT_TARGET = 10.3;
				MTL_ENABLE_DEBUG_INFO = NO;
				SDKROOT = iphoneos;
				SWIFT_OPTIMIZATION_LEVEL = "-Owholemodule";
				TARGETED_DEVICE_FAMILY = "1,2";
				VALIDATE_PRODUCT = YES;
			};
			name = Release;
		};
		08C0E2D21F55EF8B007630DC /* Debug */ = {
			isa = XCBuildConfiguration;
			baseConfigurationReference = 74FCC48DF205DD5B1F9F0DF5 /* Pods-GoTo.debug.xcconfig */;
			buildSettings = {
				ASSETCATALOG_COMPILER_APPICON_NAME = AppIcon;
				ENABLE_BITCODE = NO;
				FRAMEWORK_SEARCH_PATHS = (
					"$(inherited)",
					"$(PROJECT_DIR)",
				);
				INFOPLIST_FILE = GoTo/Info.plist;
				LD_RUNPATH_SEARCH_PATHS = "$(inherited) @executable_path/Frameworks";
				PRODUCT_BUNDLE_IDENTIFIER = yale.GoTo;
				PRODUCT_NAME = "$(TARGET_NAME)";
				SWIFT_VERSION = 3.0;
			};
			name = Debug;
		};
		08C0E2D31F55EF8B007630DC /* Release */ = {
			isa = XCBuildConfiguration;
			baseConfigurationReference = D1695D0F266096D70D23CE23 /* Pods-GoTo.release.xcconfig */;
			buildSettings = {
				ASSETCATALOG_COMPILER_APPICON_NAME = AppIcon;
				ENABLE_BITCODE = NO;
				FRAMEWORK_SEARCH_PATHS = (
					"$(inherited)",
					"$(PROJECT_DIR)",
				);
				INFOPLIST_FILE = GoTo/Info.plist;
				LD_RUNPATH_SEARCH_PATHS = "$(inherited) @executable_path/Frameworks";
				PRODUCT_BUNDLE_IDENTIFIER = yale.GoTo;
				PRODUCT_NAME = "$(TARGET_NAME)";
				SWIFT_VERSION = 3.0;
			};
			name = Release;
		};
		08C0E2D51F55EF8B007630DC /* Debug */ = {
			isa = XCBuildConfiguration;
			baseConfigurationReference = AF23DD6834D623A97BC5F656 /* Pods-GoToTests.debug.xcconfig */;
			buildSettings = {
				ALWAYS_EMBED_SWIFT_STANDARD_LIBRARIES = YES;
				BUNDLE_LOADER = "$(TEST_HOST)";
				INFOPLIST_FILE = GoToTests/Info.plist;
				LD_RUNPATH_SEARCH_PATHS = "$(inherited) @executable_path/Frameworks @loader_path/Frameworks";
				PRODUCT_BUNDLE_IDENTIFIER = yale.GoToTests;
				PRODUCT_NAME = "$(TARGET_NAME)";
				SWIFT_VERSION = 3.0;
				TEST_HOST = "$(BUILT_PRODUCTS_DIR)/GoTo.app/GoTo";
			};
			name = Debug;
		};
		08C0E2D61F55EF8B007630DC /* Release */ = {
			isa = XCBuildConfiguration;
			baseConfigurationReference = 42248848733A03EF68CD883E /* Pods-GoToTests.release.xcconfig */;
			buildSettings = {
				ALWAYS_EMBED_SWIFT_STANDARD_LIBRARIES = YES;
				BUNDLE_LOADER = "$(TEST_HOST)";
				INFOPLIST_FILE = GoToTests/Info.plist;
				LD_RUNPATH_SEARCH_PATHS = "$(inherited) @executable_path/Frameworks @loader_path/Frameworks";
				PRODUCT_BUNDLE_IDENTIFIER = yale.GoToTests;
				PRODUCT_NAME = "$(TARGET_NAME)";
				SWIFT_VERSION = 3.0;
				TEST_HOST = "$(BUILT_PRODUCTS_DIR)/GoTo.app/GoTo";
			};
			name = Release;
		};
		08C0E2D81F55EF8B007630DC /* Debug */ = {
			isa = XCBuildConfiguration;
			baseConfigurationReference = CB3BC06591ADAC0180DF714C /* Pods-GoToUITests.debug.xcconfig */;
			buildSettings = {
				ALWAYS_EMBED_SWIFT_STANDARD_LIBRARIES = YES;
				INFOPLIST_FILE = GoToUITests/Info.plist;
				LD_RUNPATH_SEARCH_PATHS = "$(inherited) @executable_path/Frameworks @loader_path/Frameworks";
				PRODUCT_BUNDLE_IDENTIFIER = yale.GoToUITests;
				PRODUCT_NAME = "$(TARGET_NAME)";
				SWIFT_VERSION = 3.0;
				TEST_TARGET_NAME = GoTo;
			};
			name = Debug;
		};
		08C0E2D91F55EF8B007630DC /* Release */ = {
			isa = XCBuildConfiguration;
			baseConfigurationReference = FF7C32D2CFFB83318846C4FE /* Pods-GoToUITests.release.xcconfig */;
			buildSettings = {
				ALWAYS_EMBED_SWIFT_STANDARD_LIBRARIES = YES;
				INFOPLIST_FILE = GoToUITests/Info.plist;
				LD_RUNPATH_SEARCH_PATHS = "$(inherited) @executable_path/Frameworks @loader_path/Frameworks";
				PRODUCT_BUNDLE_IDENTIFIER = yale.GoToUITests;
				PRODUCT_NAME = "$(TARGET_NAME)";
				SWIFT_VERSION = 3.0;
				TEST_TARGET_NAME = GoTo;
			};
			name = Release;
		};
/* End XCBuildConfiguration section */

/* Begin XCConfigurationList section */
		08C0E2A41F55EF8B007630DC /* Build configuration list for PBXProject "GoTo" */ = {
			isa = XCConfigurationList;
			buildConfigurations = (
				08C0E2CF1F55EF8B007630DC /* Debug */,
				08C0E2D01F55EF8B007630DC /* Release */,
			);
			defaultConfigurationIsVisible = 0;
			defaultConfigurationName = Release;
		};
		08C0E2D11F55EF8B007630DC /* Build configuration list for PBXNativeTarget "GoTo" */ = {
			isa = XCConfigurationList;
			buildConfigurations = (
				08C0E2D21F55EF8B007630DC /* Debug */,
				08C0E2D31F55EF8B007630DC /* Release */,
			);
			defaultConfigurationIsVisible = 0;
			defaultConfigurationName = Release;
		};
		08C0E2D41F55EF8B007630DC /* Build configuration list for PBXNativeTarget "GoToTests" */ = {
			isa = XCConfigurationList;
			buildConfigurations = (
				08C0E2D51F55EF8B007630DC /* Debug */,
				08C0E2D61F55EF8B007630DC /* Release */,
			);
			defaultConfigurationIsVisible = 0;
			defaultConfigurationName = Release;
		};
		08C0E2D71F55EF8B007630DC /* Build configuration list for PBXNativeTarget "GoToUITests" */ = {
			isa = XCConfigurationList;
			buildConfigurations = (
				08C0E2D81F55EF8B007630DC /* Debug */,
				08C0E2D91F55EF8B007630DC /* Release */,
			);
			defaultConfigurationIsVisible = 0;
			defaultConfigurationName = Release;
		};
/* End XCConfigurationList section */
	};
	rootObject = 08C0E2A11F55EF8B007630DC /* Project object */;
}
